
Microsoft Visual Studio Solution File, Format Version 12.00
# Visual Studio Version 17
VisualStudioVersion = 17.0.31919.166
MinimumVisualStudioVersion = 10.0.40219.1
Project("{2150E333-8FDC-42A3-9474-1A3956D46DE8}") = "Solution Items", "Solution Items", "{5A09B7FE-D694-45B5-BCBC-256A8E06CFC5}"
	ProjectSection(SolutionItems) = preProject
		Directory.Build.props = Directory.Build.props
		Directory.Build.targets = Directory.Build.targets
		LICENSE.md = LICENSE.md
		NOTES.md = NOTES.md
		README.md = README.md
		solution-helper.psm1 = solution-helper.psm1
	EndProjectSection
EndProject
Project("{2150E333-8FDC-42A3-9474-1A3956D46DE8}") = "Solution Tests", "Solution Tests", "{0A564ABB-7C2D-4F4D-B62A-F8127E0964FA}"
EndProject
Project("{9A19103F-16F7-4668-BE54-9A1E7A4F7556}") = "Hyperbee.Migrations.Tests", "tests\Hyperbee.Migrations.Tests\Hyperbee.Migrations.Tests.csproj", "{D8A2293A-3053-4A96-B182-FA7DEA5C02CA}"
EndProject
Project("{9A19103F-16F7-4668-BE54-9A1E7A4F7556}") = "Hyperbee.Migrations", "src\Hyperbee.Migrations\Hyperbee.Migrations.csproj", "{D2CF7E72-8FCA-40F7-9136-587053C43E72}"
EndProject
Project("{9A19103F-16F7-4668-BE54-9A1E7A4F7556}") = "Hyperbee.MigrationRunner", "src\Hyperbee.MigrationRunner\Hyperbee.MigrationRunner.csproj", "{7950479E-82AB-418B-BCDE-E0AADFDC6442}"
EndProject
Global
	GlobalSection(SolutionConfigurationPlatforms) = preSolution
		Debug|Any CPU = Debug|Any CPU
		Release|Any CPU = Release|Any CPU
	EndGlobalSection
	GlobalSection(ProjectConfigurationPlatforms) = postSolution
		{D8A2293A-3053-4A96-B182-FA7DEA5C02CA}.Debug|Any CPU.ActiveCfg = Debug|Any CPU
		{D8A2293A-3053-4A96-B182-FA7DEA5C02CA}.Debug|Any CPU.Build.0 = Debug|Any CPU
		{D8A2293A-3053-4A96-B182-FA7DEA5C02CA}.Release|Any CPU.ActiveCfg = Release|Any CPU
		{D8A2293A-3053-4A96-B182-FA7DEA5C02CA}.Release|Any CPU.Build.0 = Release|Any CPU
		{D2CF7E72-8FCA-40F7-9136-587053C43E72}.Debug|Any CPU.ActiveCfg = Debug|Any CPU
		{D2CF7E72-8FCA-40F7-9136-587053C43E72}.Debug|Any CPU.Build.0 = Debug|Any CPU
		{D2CF7E72-8FCA-40F7-9136-587053C43E72}.Release|Any CPU.ActiveCfg = Release|Any CPU
		{D2CF7E72-8FCA-40F7-9136-587053C43E72}.Release|Any CPU.Build.0 = Release|Any CPU
		{7950479E-82AB-418B-BCDE-E0AADFDC6442}.Debug|Any CPU.ActiveCfg = Debug|Any CPU
		{7950479E-82AB-418B-BCDE-E0AADFDC6442}.Debug|Any CPU.Build.0 = Debug|Any CPU
		{7950479E-82AB-418B-BCDE-E0AADFDC6442}.Release|Any CPU.ActiveCfg = Release|Any CPU
		{7950479E-82AB-418B-BCDE-E0AADFDC6442}.Release|Any CPU.Build.0 = Release|Any CPU
	EndGlobalSection
	GlobalSection(SolutionProperties) = preSolution
		HideSolutionNode = FALSE
	EndGlobalSection
	GlobalSection(NestedProjects) = preSolution
		{D8A2293A-3053-4A96-B182-FA7DEA5C02CA} = {0A564ABB-7C2D-4F4D-B62A-F8127E0964FA}
	EndGlobalSection
	GlobalSection(ExtensibilityGlobals) = postSolution
		SolutionGuid = {97071D77-035B-4126-AD4E-DE150E318714}
	EndGlobalSection
EndGlobal
